
Microsoft Visual Studio Solution File, Format Version 12.00
# Visual Studio Version 17
VisualStudioVersion = 17.5.002.0
MinimumVisualStudioVersion = 10.0.40219.1
Project("{2150E333-8FDC-42A3-9474-1A3956D46DE8}") = "DoubleLinkedList", "DoubleLinkedList", "{A3A59DE9-AB21-4CE7-AF26-F6334ABDEB8A}"
EndProject
Project("{9A19103F-16F7-4668-BE54-9A1E7A4F7556}") = "DoubleLinkedList", "DoubleLinkedList\c#\DoubleLinkedList.csproj", "{3B46C4C1-5BC5-41BF-9F32-FE0583B82FAD}"
EndProject
Project("{2150E333-8FDC-42A3-9474-1A3956D46DE8}") = "LinkedList", "LinkedList", "{94E1BCBE-B775-4BF0-A5E5-BCDCFAFED205}"
EndProject
Project("{9A19103F-16F7-4668-BE54-9A1E7A4F7556}") = "LinkedList", "LinkedList\c#\LinkedList.csproj", "{A02ABC27-596C-42FC-903C-24B485367378}"
EndProject
Project("{2150E333-8FDC-42A3-9474-1A3956D46DE8}") = "Queue", "Queue", "{255DC3BE-CAC0-446D-869A-BFFF372C7035}"
EndProject
Project("{9A19103F-16F7-4668-BE54-9A1E7A4F7556}") = "Queue", "Queue\c#\Queue.csproj", "{B4158761-8669-484A-8A86-898C7A57D4D9}"
EndProject
Project("{2150E333-8FDC-42A3-9474-1A3956D46DE8}") = "Stack", "Stack", "{B6546999-14E7-4480-B511-39C30E7AF218}"
EndProject
Project("{9A19103F-16F7-4668-BE54-9A1E7A4F7556}") = "Stack", "Stack\c#\Stack.csproj", "{25BC0279-A0C4-4C08-A46C-C87FB6C87E82}"
EndProject
Global
	GlobalSection(SolutionConfigurationPlatforms) = preSolution
		Debug|Any CPU = Debug|Any CPU
		Release|Any CPU = Release|Any CPU
	EndGlobalSection
	GlobalSection(ProjectConfigurationPlatforms) = postSolution
		{3B46C4C1-5BC5-41BF-9F32-FE0583B82FAD}.Debug|Any CPU.ActiveCfg = Debug|Any CPU
		{3B46C4C1-5BC5-41BF-9F32-FE0583B82FAD}.Debug|Any CPU.Build.0 = Debug|Any CPU
		{3B46C4C1-5BC5-41BF-9F32-FE0583B82FAD}.Release|Any CPU.ActiveCfg = Release|Any CPU
		{3B46C4C1-5BC5-41BF-9F32-FE0583B82FAD}.Release|Any CPU.Build.0 = Release|Any CPU
		{A02ABC27-596C-42FC-903C-24B485367378}.Debug|Any CPU.ActiveCfg = Debug|Any CPU
		{A02ABC27-596C-42FC-903C-24B485367378}.Debug|Any CPU.Build.0 = Debug|Any CPU
		{A02ABC27-596C-42FC-903C-24B485367378}.Release|Any CPU.ActiveCfg = Release|Any CPU
		{A02ABC27-596C-42FC-903C-24B485367378}.Release|Any CPU.Build.0 = Release|Any CPU
		{B4158761-8669-484A-8A86-898C7A57D4D9}.Debug|Any CPU.ActiveCfg = Debug|Any CPU
		{B4158761-8669-484A-8A86-898C7A57D4D9}.Debug|Any CPU.Build.0 = Debug|Any CPU
		{B4158761-8669-484A-8A86-898C7A57D4D9}.Release|Any CPU.ActiveCfg = Release|Any CPU
		{B4158761-8669-484A-8A86-898C7A57D4D9}.Release|Any CPU.Build.0 = Release|Any CPU
		{25BC0279-A0C4-4C08-A46C-C87FB6C87E82}.Debug|Any CPU.ActiveCfg = Debug|Any CPU
		{25BC0279-A0C4-4C08-A46C-C87FB6C87E82}.Debug|Any CPU.Build.0 = Debug|Any CPU
		{25BC0279-A0C4-4C08-A46C-C87FB6C87E82}.Release|Any CPU.ActiveCfg = Release|Any CPU
		{25BC0279-A0C4-4C08-A46C-C87FB6C87E82}.Release|Any CPU.Build.0 = Release|Any CPU
	EndGlobalSection
	GlobalSection(SolutionProperties) = preSolution
		HideSolutionNode = FALSE
	EndGlobalSection
	GlobalSection(NestedProjects) = preSolution
		{3B46C4C1-5BC5-41BF-9F32-FE0583B82FAD} = {A3A59DE9-AB21-4CE7-AF26-F6334ABDEB8A}
		{A02ABC27-596C-42FC-903C-24B485367378} = {94E1BCBE-B775-4BF0-A5E5-BCDCFAFED205}
		{B4158761-8669-484A-8A86-898C7A57D4D9} = {255DC3BE-CAC0-446D-869A-BFFF372C7035}
		{25BC0279-A0C4-4C08-A46C-C87FB6C87E82} = {B6546999-14E7-4480-B511-39C30E7AF218}
	EndGlobalSection
	GlobalSection(ExtensibilityGlobals) = postSolution
		SolutionGuid = {E65B5091-9ED8-441F-BDAB-81F31820658A}
	EndGlobalSection
EndGlobal
