
Microsoft Visual Studio Solution File, Format Version 12.00
# Visual Studio Version 17
VisualStudioVersion = 17.5.2.0
MinimumVisualStudioVersion = 10.0.40219.1
Project("{2150E333-8FDC-42A3-9474-1A3956D46DE8}") = "DataStructures", "DataStructures", "{1654A5C2-BB5E-4103-E184-43BDD6421756}"
EndProject
Project("{2150E333-8FDC-42A3-9474-1A3956D46DE8}") = "DoubleLinkedList", "DoubleLinkedList", "{6BAB59F3-5D51-3D77-4707-3BB8E1E5B0CB}"
EndProject
Project("{2150E333-8FDC-42A3-9474-1A3956D46DE8}") = "csharp", "csharp", "{E90D4BD9-78B8-2FE9-4D3D-FF1F30F3D9E7}"
EndProject
Project("{FAE04EC0-301F-11D3-BF4B-00C04F79EFBC}") = "DoubleLinkedList", "DataStructures\DoubleLinkedList\csharp\DoubleLinkedList.csproj", "{BD9457B2-B384-4B10-BC91-4232132095E1}"
EndProject
Project("{2150E333-8FDC-42A3-9474-1A3956D46DE8}") = "LinkedList", "LinkedList", "{FEB811E4-2D9A-DF78-572A-1884FC386D58}"
EndProject
Project("{2150E333-8FDC-42A3-9474-1A3956D46DE8}") = "csharp", "csharp", "{72595071-85AA-AA0F-C0A9-608538827992}"
EndProject
Project("{FAE04EC0-301F-11D3-BF4B-00C04F79EFBC}") = "LinkedList", "DataStructures\LinkedList\csharp\LinkedList.csproj", "{C402EA8C-D394-458B-A85D-B84D97E0238D}"
EndProject
Project("{2150E333-8FDC-42A3-9474-1A3956D46DE8}") = "Queue", "Queue", "{D3A06BC1-B6BB-9050-10A1-68ED2F4540BE}"
EndProject
Project("{2150E333-8FDC-42A3-9474-1A3956D46DE8}") = "csharp", "csharp", "{800D6C4D-9A2B-2A8F-4834-4E6FFA9E2D45}"
EndProject
Project("{FAE04EC0-301F-11D3-BF4B-00C04F79EFBC}") = "Queue", "DataStructures\Queue\csharp\Queue.csproj", "{EB32DA1F-B3DA-449D-B3CD-BFBB90E7C556}"
EndProject
Project("{2150E333-8FDC-42A3-9474-1A3956D46DE8}") = "Stack", "Stack", "{BCE92DE2-1540-3EA1-86B9-7EE6B8F718A5}"
EndProject
Project("{2150E333-8FDC-42A3-9474-1A3956D46DE8}") = "csharp", "csharp", "{4856624D-11E6-EA68-50EB-52FDF39238BB}"
EndProject
Project("{FAE04EC0-301F-11D3-BF4B-00C04F79EFBC}") = "Stack", "DataStructures\Stack\csharp\Stack.csproj", "{7335EF05-6CB2-4151-8CA9-074CCC657AAC}"
EndProject
Project("{2150E333-8FDC-42A3-9474-1A3956D46DE8}") = "Algorithms", "Algorithms", "{5D26F3B0-2769-F421-9ACD-527FA886E1D4}"
EndProject
Project("{2150E333-8FDC-42A3-9474-1A3956D46DE8}") = "csharp", "csharp", "{23EFE196-95A6-5D3B-0F9B-9BCE5C2447F9}"
EndProject
Project("{FAE04EC0-301F-11D3-BF4B-00C04F79EFBC}") = "Algorithms", "Algorithms\csharp\Algorithms\Algorithms.csproj", "{1D79C79A-69F9-43F2-8C7C-71DB8C99CF18}"
EndProject
Global
	GlobalSection(SolutionConfigurationPlatforms) = preSolution
		Debug|Any CPU = Debug|Any CPU
		Debug|x64 = Debug|x64
		Debug|x86 = Debug|x86
		Release|Any CPU = Release|Any CPU
		Release|x64 = Release|x64
		Release|x86 = Release|x86
	EndGlobalSection
	GlobalSection(ProjectConfigurationPlatforms) = postSolution
		{BD9457B2-B384-4B10-BC91-4232132095E1}.Debug|Any CPU.ActiveCfg = Debug|Any CPU
		{BD9457B2-B384-4B10-BC91-4232132095E1}.Debug|Any CPU.Build.0 = Debug|Any CPU
		{BD9457B2-B384-4B10-BC91-4232132095E1}.Debug|x64.ActiveCfg = Debug|Any CPU
		{BD9457B2-B384-4B10-BC91-4232132095E1}.Debug|x64.Build.0 = Debug|Any CPU
		{BD9457B2-B384-4B10-BC91-4232132095E1}.Debug|x86.ActiveCfg = Debug|Any CPU
		{BD9457B2-B384-4B10-BC91-4232132095E1}.Debug|x86.Build.0 = Debug|Any CPU
		{BD9457B2-B384-4B10-BC91-4232132095E1}.Release|Any CPU.ActiveCfg = Release|Any CPU
		{BD9457B2-B384-4B10-BC91-4232132095E1}.Release|Any CPU.Build.0 = Release|Any CPU
		{BD9457B2-B384-4B10-BC91-4232132095E1}.Release|x64.ActiveCfg = Release|Any CPU
		{BD9457B2-B384-4B10-BC91-4232132095E1}.Release|x64.Build.0 = Release|Any CPU
		{BD9457B2-B384-4B10-BC91-4232132095E1}.Release|x86.ActiveCfg = Release|Any CPU
		{BD9457B2-B384-4B10-BC91-4232132095E1}.Release|x86.Build.0 = Release|Any CPU
		{C402EA8C-D394-458B-A85D-B84D97E0238D}.Debug|Any CPU.ActiveCfg = Debug|Any CPU
		{C402EA8C-D394-458B-A85D-B84D97E0238D}.Debug|Any CPU.Build.0 = Debug|Any CPU
		{C402EA8C-D394-458B-A85D-B84D97E0238D}.Debug|x64.ActiveCfg = Debug|Any CPU
		{C402EA8C-D394-458B-A85D-B84D97E0238D}.Debug|x64.Build.0 = Debug|Any CPU
		{C402EA8C-D394-458B-A85D-B84D97E0238D}.Debug|x86.ActiveCfg = Debug|Any CPU
		{C402EA8C-D394-458B-A85D-B84D97E0238D}.Debug|x86.Build.0 = Debug|Any CPU
		{C402EA8C-D394-458B-A85D-B84D97E0238D}.Release|Any CPU.ActiveCfg = Release|Any CPU
		{C402EA8C-D394-458B-A85D-B84D97E0238D}.Release|Any CPU.Build.0 = Release|Any CPU
		{C402EA8C-D394-458B-A85D-B84D97E0238D}.Release|x64.ActiveCfg = Release|Any CPU
		{C402EA8C-D394-458B-A85D-B84D97E0238D}.Release|x64.Build.0 = Release|Any CPU
		{C402EA8C-D394-458B-A85D-B84D97E0238D}.Release|x86.ActiveCfg = Release|Any CPU
		{C402EA8C-D394-458B-A85D-B84D97E0238D}.Release|x86.Build.0 = Release|Any CPU
		{EB32DA1F-B3DA-449D-B3CD-BFBB90E7C556}.Debug|Any CPU.ActiveCfg = Debug|Any CPU
		{EB32DA1F-B3DA-449D-B3CD-BFBB90E7C556}.Debug|Any CPU.Build.0 = Debug|Any CPU
		{EB32DA1F-B3DA-449D-B3CD-BFBB90E7C556}.Debug|x64.ActiveCfg = Debug|Any CPU
		{EB32DA1F-B3DA-449D-B3CD-BFBB90E7C556}.Debug|x64.Build.0 = Debug|Any CPU
		{EB32DA1F-B3DA-449D-B3CD-BFBB90E7C556}.Debug|x86.ActiveCfg = Debug|Any CPU
		{EB32DA1F-B3DA-449D-B3CD-BFBB90E7C556}.Debug|x86.Build.0 = Debug|Any CPU
		{EB32DA1F-B3DA-449D-B3CD-BFBB90E7C556}.Release|Any CPU.ActiveCfg = Release|Any CPU
		{EB32DA1F-B3DA-449D-B3CD-BFBB90E7C556}.Release|Any CPU.Build.0 = Release|Any CPU
		{EB32DA1F-B3DA-449D-B3CD-BFBB90E7C556}.Release|x64.ActiveCfg = Release|Any CPU
		{EB32DA1F-B3DA-449D-B3CD-BFBB90E7C556}.Release|x64.Build.0 = Release|Any CPU
		{EB32DA1F-B3DA-449D-B3CD-BFBB90E7C556}.Release|x86.ActiveCfg = Release|Any CPU
		{EB32DA1F-B3DA-449D-B3CD-BFBB90E7C556}.Release|x86.Build.0 = Release|Any CPU
		{7335EF05-6CB2-4151-8CA9-074CCC657AAC}.Debug|Any CPU.ActiveCfg = Debug|Any CPU
		{7335EF05-6CB2-4151-8CA9-074CCC657AAC}.Debug|Any CPU.Build.0 = Debug|Any CPU
		{7335EF05-6CB2-4151-8CA9-074CCC657AAC}.Debug|x64.ActiveCfg = Debug|Any CPU
		{7335EF05-6CB2-4151-8CA9-074CCC657AAC}.Debug|x64.Build.0 = Debug|Any CPU
		{7335EF05-6CB2-4151-8CA9-074CCC657AAC}.Debug|x86.ActiveCfg = Debug|Any CPU
		{7335EF05-6CB2-4151-8CA9-074CCC657AAC}.Debug|x86.Build.0 = Debug|Any CPU
		{7335EF05-6CB2-4151-8CA9-074CCC657AAC}.Release|Any CPU.ActiveCfg = Release|Any CPU
		{7335EF05-6CB2-4151-8CA9-074CCC657AAC}.Release|Any CPU.Build.0 = Release|Any CPU
		{7335EF05-6CB2-4151-8CA9-074CCC657AAC}.Release|x64.ActiveCfg = Release|Any CPU
		{7335EF05-6CB2-4151-8CA9-074CCC657AAC}.Release|x64.Build.0 = Release|Any CPU
		{7335EF05-6CB2-4151-8CA9-074CCC657AAC}.Release|x86.ActiveCfg = Release|Any CPU
		{7335EF05-6CB2-4151-8CA9-074CCC657AAC}.Release|x86.Build.0 = Release|Any CPU
		{1D79C79A-69F9-43F2-8C7C-71DB8C99CF18}.Debug|Any CPU.ActiveCfg = Debug|Any CPU
		{1D79C79A-69F9-43F2-8C7C-71DB8C99CF18}.Debug|Any CPU.Build.0 = Debug|Any CPU
		{1D79C79A-69F9-43F2-8C7C-71DB8C99CF18}.Debug|x64.ActiveCfg = Debug|Any CPU
		{1D79C79A-69F9-43F2-8C7C-71DB8C99CF18}.Debug|x64.Build.0 = Debug|Any CPU
		{1D79C79A-69F9-43F2-8C7C-71DB8C99CF18}.Debug|x86.ActiveCfg = Debug|Any CPU
		{1D79C79A-69F9-43F2-8C7C-71DB8C99CF18}.Debug|x86.Build.0 = Debug|Any CPU
		{1D79C79A-69F9-43F2-8C7C-71DB8C99CF18}.Release|Any CPU.ActiveCfg = Release|Any CPU
		{1D79C79A-69F9-43F2-8C7C-71DB8C99CF18}.Release|Any CPU.Build.0 = Release|Any CPU
		{1D79C79A-69F9-43F2-8C7C-71DB8C99CF18}.Release|x64.ActiveCfg = Release|Any CPU
		{1D79C79A-69F9-43F2-8C7C-71DB8C99CF18}.Release|x64.Build.0 = Release|Any CPU
		{1D79C79A-69F9-43F2-8C7C-71DB8C99CF18}.Release|x86.ActiveCfg = Release|Any CPU
		{1D79C79A-69F9-43F2-8C7C-71DB8C99CF18}.Release|x86.Build.0 = Release|Any CPU
	EndGlobalSection
	GlobalSection(SolutionProperties) = preSolution
		HideSolutionNode = FALSE
	EndGlobalSection
	GlobalSection(NestedProjects) = preSolution
		{6BAB59F3-5D51-3D77-4707-3BB8E1E5B0CB} = {1654A5C2-BB5E-4103-E184-43BDD6421756}
		{E90D4BD9-78B8-2FE9-4D3D-FF1F30F3D9E7} = {6BAB59F3-5D51-3D77-4707-3BB8E1E5B0CB}
		{BD9457B2-B384-4B10-BC91-4232132095E1} = {E90D4BD9-78B8-2FE9-4D3D-FF1F30F3D9E7}
		{FEB811E4-2D9A-DF78-572A-1884FC386D58} = {1654A5C2-BB5E-4103-E184-43BDD6421756}
		{72595071-85AA-AA0F-C0A9-608538827992} = {FEB811E4-2D9A-DF78-572A-1884FC386D58}
		{C402EA8C-D394-458B-A85D-B84D97E0238D} = {72595071-85AA-AA0F-C0A9-608538827992}
		{D3A06BC1-B6BB-9050-10A1-68ED2F4540BE} = {1654A5C2-BB5E-4103-E184-43BDD6421756}
		{800D6C4D-9A2B-2A8F-4834-4E6FFA9E2D45} = {D3A06BC1-B6BB-9050-10A1-68ED2F4540BE}
		{EB32DA1F-B3DA-449D-B3CD-BFBB90E7C556} = {800D6C4D-9A2B-2A8F-4834-4E6FFA9E2D45}
		{BCE92DE2-1540-3EA1-86B9-7EE6B8F718A5} = {1654A5C2-BB5E-4103-E184-43BDD6421756}
		{4856624D-11E6-EA68-50EB-52FDF39238BB} = {BCE92DE2-1540-3EA1-86B9-7EE6B8F718A5}
		{7335EF05-6CB2-4151-8CA9-074CCC657AAC} = {4856624D-11E6-EA68-50EB-52FDF39238BB}
		{23EFE196-95A6-5D3B-0F9B-9BCE5C2447F9} = {5D26F3B0-2769-F421-9ACD-527FA886E1D4}
		{1D79C79A-69F9-43F2-8C7C-71DB8C99CF18} = {23EFE196-95A6-5D3B-0F9B-9BCE5C2447F9}
	EndGlobalSection
	GlobalSection(ExtensibilityGlobals) = postSolution
		SolutionGuid = {E65B5091-9ED8-441F-BDAB-81F31820658A}
	EndGlobalSection
EndGlobal
